
Microsoft Visual Studio Solution File, Format Version 12.00
# Visual Studio Version 16
VisualStudioVersion = 16.0.31129.286
MinimumVisualStudioVersion = 10.0.40219.1
Project("{9A19103F-16F7-4668-BE54-9A1E7A4F7556}") = "Aplication", "Aplication\Aplication.csproj", "{0A5F8076-67F2-48A2-A32A-1E550BBE13A5}"
EndProject
Project("{2150E333-8FDC-42A3-9474-1A3956D46DE8}") = "Aplication", "Aplication", "{744A0534-82C6-4F09-B69B-3E3E56E2EA92}"
EndProject
Project("{2150E333-8FDC-42A3-9474-1A3956D46DE8}") = "Services", "Services", "{E85C2B5A-41A4-4318-9DBA-3861E7F9955A}"
EndProject
Project("{9A19103F-16F7-4668-BE54-9A1E7A4F7556}") = "Services", "Services\Services.csproj", "{4A90DA77-1A40-40D5-B625-38ED9A629C1D}"
EndProject
Project("{2150E333-8FDC-42A3-9474-1A3956D46DE8}") = "Domain", "Domain", "{8568179A-6102-4109-9FEB-CB13322E6FA2}"
EndProject
Project("{9A19103F-16F7-4668-BE54-9A1E7A4F7556}") = "Domain", "Domain\Domain.csproj", "{A420BBC9-2C2A-4E72-85F9-4D4B2EA24F89}"
EndProject
Project("{2150E333-8FDC-42A3-9474-1A3956D46DE8}") = "UnitTests", "UnitTests", "{039CB202-6293-4489-9815-3D5377FDBC25}"
EndProject
Project("{FAE04EC0-301F-11D3-BF4B-00C04F79EFBC}") = "UnitTests", "UnitTests\UnitTests.csproj", "{ADEF5E26-D92D-493C-BD57-A56F89A5D875}"
EndProject
Global
	GlobalSection(SolutionConfigurationPlatforms) = preSolution
		Debug|Any CPU = Debug|Any CPU
		Release|Any CPU = Release|Any CPU
	EndGlobalSection
	GlobalSection(ProjectConfigurationPlatforms) = postSolution
		{0A5F8076-67F2-48A2-A32A-1E550BBE13A5}.Debug|Any CPU.ActiveCfg = Debug|Any CPU
		{0A5F8076-67F2-48A2-A32A-1E550BBE13A5}.Debug|Any CPU.Build.0 = Debug|Any CPU
		{0A5F8076-67F2-48A2-A32A-1E550BBE13A5}.Release|Any CPU.ActiveCfg = Release|Any CPU
		{0A5F8076-67F2-48A2-A32A-1E550BBE13A5}.Release|Any CPU.Build.0 = Release|Any CPU
		{4A90DA77-1A40-40D5-B625-38ED9A629C1D}.Debug|Any CPU.ActiveCfg = Debug|Any CPU
		{4A90DA77-1A40-40D5-B625-38ED9A629C1D}.Debug|Any CPU.Build.0 = Debug|Any CPU
		{4A90DA77-1A40-40D5-B625-38ED9A629C1D}.Release|Any CPU.ActiveCfg = Release|Any CPU
		{4A90DA77-1A40-40D5-B625-38ED9A629C1D}.Release|Any CPU.Build.0 = Release|Any CPU
		{A420BBC9-2C2A-4E72-85F9-4D4B2EA24F89}.Debug|Any CPU.ActiveCfg = Debug|Any CPU
		{A420BBC9-2C2A-4E72-85F9-4D4B2EA24F89}.Debug|Any CPU.Build.0 = Debug|Any CPU
		{A420BBC9-2C2A-4E72-85F9-4D4B2EA24F89}.Release|Any CPU.ActiveCfg = Release|Any CPU
		{A420BBC9-2C2A-4E72-85F9-4D4B2EA24F89}.Release|Any CPU.Build.0 = Release|Any CPU
		{ADEF5E26-D92D-493C-BD57-A56F89A5D875}.Debug|Any CPU.ActiveCfg = Debug|Any CPU
		{ADEF5E26-D92D-493C-BD57-A56F89A5D875}.Debug|Any CPU.Build.0 = Debug|Any CPU
		{ADEF5E26-D92D-493C-BD57-A56F89A5D875}.Release|Any CPU.ActiveCfg = Release|Any CPU
		{ADEF5E26-D92D-493C-BD57-A56F89A5D875}.Release|Any CPU.Build.0 = Release|Any CPU
	EndGlobalSection
	GlobalSection(SolutionProperties) = preSolution
		HideSolutionNode = FALSE
	EndGlobalSection
	GlobalSection(NestedProjects) = preSolution
		{0A5F8076-67F2-48A2-A32A-1E550BBE13A5} = {744A0534-82C6-4F09-B69B-3E3E56E2EA92}
		{4A90DA77-1A40-40D5-B625-38ED9A629C1D} = {E85C2B5A-41A4-4318-9DBA-3861E7F9955A}
		{A420BBC9-2C2A-4E72-85F9-4D4B2EA24F89} = {8568179A-6102-4109-9FEB-CB13322E6FA2}
		{ADEF5E26-D92D-493C-BD57-A56F89A5D875} = {039CB202-6293-4489-9815-3D5377FDBC25}
	EndGlobalSection
	GlobalSection(ExtensibilityGlobals) = postSolution
		SolutionGuid = {123C6706-3C8C-4C09-A9AE-F65145CFAF59}
	EndGlobalSection
EndGlobal
