
Microsoft Visual Studio Solution File, Format Version 12.00
# Visual Studio Version 16
VisualStudioVersion = 16.0.31129.286
MinimumVisualStudioVersion = 10.0.40219.1
Project("{8BC9CEB8-8B4A-11D0-8D11-00A0C91BC942}") = "Problema4", "Problema4\Problema4.vcxproj", "{C5847685-2E9F-420D-AACA-3EA7C9368476}"
EndProject
Project("{8BC9CEB8-8B4A-11D0-8D11-00A0C91BC942}") = "UnitTests", "UnitTests\UnitTests.vcxproj", "{8405EE1B-3886-438F-8081-2812A7B775B1}"
EndProject
Global
	GlobalSection(SolutionConfigurationPlatforms) = preSolution
		Debug|x64 = Debug|x64
		Debug|x86 = Debug|x86
		Release|x64 = Release|x64
		Release|x86 = Release|x86
	EndGlobalSection
	GlobalSection(ProjectConfigurationPlatforms) = postSolution
		{C5847685-2E9F-420D-AACA-3EA7C9368476}.Debug|x64.ActiveCfg = Debug|x64
		{C5847685-2E9F-420D-AACA-3EA7C9368476}.Debug|x64.Build.0 = Debug|x64
		{C5847685-2E9F-420D-AACA-3EA7C9368476}.Debug|x86.ActiveCfg = Debug|Win32
		{C5847685-2E9F-420D-AACA-3EA7C9368476}.Debug|x86.Build.0 = Debug|Win32
		{C5847685-2E9F-420D-AACA-3EA7C9368476}.Release|x64.ActiveCfg = Release|x64
		{C5847685-2E9F-420D-AACA-3EA7C9368476}.Release|x64.Build.0 = Release|x64
		{C5847685-2E9F-420D-AACA-3EA7C9368476}.Release|x86.ActiveCfg = Release|Win32
		{C5847685-2E9F-420D-AACA-3EA7C9368476}.Release|x86.Build.0 = Release|Win32
		{8405EE1B-3886-438F-8081-2812A7B775B1}.Debug|x64.ActiveCfg = Debug|x64
		{8405EE1B-3886-438F-8081-2812A7B775B1}.Debug|x64.Build.0 = Debug|x64
		{8405EE1B-3886-438F-8081-2812A7B775B1}.Debug|x86.ActiveCfg = Debug|Win32
		{8405EE1B-3886-438F-8081-2812A7B775B1}.Debug|x86.Build.0 = Debug|Win32
		{8405EE1B-3886-438F-8081-2812A7B775B1}.Release|x64.ActiveCfg = Release|x64
		{8405EE1B-3886-438F-8081-2812A7B775B1}.Release|x64.Build.0 = Release|x64
		{8405EE1B-3886-438F-8081-2812A7B775B1}.Release|x86.ActiveCfg = Release|Win32
		{8405EE1B-3886-438F-8081-2812A7B775B1}.Release|x86.Build.0 = Release|Win32
	EndGlobalSection
	GlobalSection(SolutionProperties) = preSolution
		HideSolutionNode = FALSE
	EndGlobalSection
	GlobalSection(ExtensibilityGlobals) = postSolution
		SolutionGuid = {55225329-12B5-4293-BD4C-12BE206A0990}
	EndGlobalSection
EndGlobal
